
Microsoft Visual Studio Solution File, Format Version 12.00
# Visual Studio 14
VisualStudioVersion = 14.0.24720.0
MinimumVisualStudioVersion = 10.0.40219.1
Project("{FAE04EC0-301F-11D3-BF4B-00C04F79EFBC}") = "GY76KGW1LP1G4", "GY76KGW1LP1G4\GY76KGW1LP1G4.csproj", "{BD6CEEFF-F982-4C74-B814-37F8F77424A5}"
EndProject
Project("{FAE04EC0-301F-11D3-BF4B-00C04F79EFBC}") = "GY76KGW1LP2G4", "GY76KGW1LP2G4\GY76KGW1LP2G4.csproj", "{0D51832A-88AC-46E0-B341-8DFB1DC382C4}"
EndProject
Global
	GlobalSection(SolutionConfigurationPlatforms) = preSolution
		Debug|Any CPU = Debug|Any CPU
		Release|Any CPU = Release|Any CPU
	EndGlobalSection
	GlobalSection(ProjectConfigurationPlatforms) = postSolution
		{BD6CEEFF-F982-4C74-B814-37F8F77424A5}.Debug|Any CPU.ActiveCfg = Debug|Any CPU
		{BD6CEEFF-F982-4C74-B814-37F8F77424A5}.Debug|Any CPU.Build.0 = Debug|Any CPU
		{BD6CEEFF-F982-4C74-B814-37F8F77424A5}.Release|Any CPU.ActiveCfg = Release|Any CPU
		{BD6CEEFF-F982-4C74-B814-37F8F77424A5}.Release|Any CPU.Build.0 = Release|Any CPU
		{0D51832A-88AC-46E0-B341-8DFB1DC382C4}.Debug|Any CPU.ActiveCfg = Debug|Any CPU
		{0D51832A-88AC-46E0-B341-8DFB1DC382C4}.Debug|Any CPU.Build.0 = Debug|Any CPU
		{0D51832A-88AC-46E0-B341-8DFB1DC382C4}.Release|Any CPU.ActiveCfg = Release|Any CPU
		{0D51832A-88AC-46E0-B341-8DFB1DC382C4}.Release|Any CPU.Build.0 = Release|Any CPU
	EndGlobalSection
	GlobalSection(SolutionProperties) = preSolution
		HideSolutionNode = FALSE
	EndGlobalSection
EndGlobal
