
Microsoft Visual Studio Solution File, Format Version 12.00
# Visual Studio 14
VisualStudioVersion = 14.0.24720.0
MinimumVisualStudioVersion = 10.0.40219.1
Project("{FAE04EC0-301F-11D3-BF4B-00C04F79EFBC}") = "GY76KGW2LP1G4", "GY76KGW2LP1G4\GY76KGW2LP1G4.csproj", "{3079CC1A-C1A0-4BCE-B67E-81A4C5863779}"
EndProject
Project("{FAE04EC0-301F-11D3-BF4B-00C04F79EFBC}") = "GY76KGW2LP3G4", "GY76KGW2LP3G4\GY76KGW2LP3G4.csproj", "{AAE84FDE-51A0-4918-8283-1CD077F3FE1B}"
EndProject
Project("{FAE04EC0-301F-11D3-BF4B-00C04F79EFBC}") = "GY76KGW2LP2G4", "GY76KGW2LP2G4\GY76KGW2LP2G4.csproj", "{4DF6E832-9E30-4643-B76C-442C7A8AB05E}"
EndProject
Project("{FAE04EC0-301F-11D3-BF4B-00C04F79EFBC}") = "GY76KGW2LB1G4", "GY76KGW2LB1G4\GY76KGW2LB1G4.csproj", "{E5ED690F-10C6-484C-8D88-05727BF05B0C}"
EndProject
Global
	GlobalSection(SolutionConfigurationPlatforms) = preSolution
		Debug|Any CPU = Debug|Any CPU
		Release|Any CPU = Release|Any CPU
	EndGlobalSection
	GlobalSection(ProjectConfigurationPlatforms) = postSolution
		{3079CC1A-C1A0-4BCE-B67E-81A4C5863779}.Debug|Any CPU.ActiveCfg = Debug|Any CPU
		{3079CC1A-C1A0-4BCE-B67E-81A4C5863779}.Debug|Any CPU.Build.0 = Debug|Any CPU
		{3079CC1A-C1A0-4BCE-B67E-81A4C5863779}.Release|Any CPU.ActiveCfg = Release|Any CPU
		{3079CC1A-C1A0-4BCE-B67E-81A4C5863779}.Release|Any CPU.Build.0 = Release|Any CPU
		{AAE84FDE-51A0-4918-8283-1CD077F3FE1B}.Debug|Any CPU.ActiveCfg = Debug|Any CPU
		{AAE84FDE-51A0-4918-8283-1CD077F3FE1B}.Debug|Any CPU.Build.0 = Debug|Any CPU
		{AAE84FDE-51A0-4918-8283-1CD077F3FE1B}.Release|Any CPU.ActiveCfg = Release|Any CPU
		{AAE84FDE-51A0-4918-8283-1CD077F3FE1B}.Release|Any CPU.Build.0 = Release|Any CPU
		{4DF6E832-9E30-4643-B76C-442C7A8AB05E}.Debug|Any CPU.ActiveCfg = Debug|Any CPU
		{4DF6E832-9E30-4643-B76C-442C7A8AB05E}.Debug|Any CPU.Build.0 = Debug|Any CPU
		{4DF6E832-9E30-4643-B76C-442C7A8AB05E}.Release|Any CPU.ActiveCfg = Release|Any CPU
		{4DF6E832-9E30-4643-B76C-442C7A8AB05E}.Release|Any CPU.Build.0 = Release|Any CPU
		{E5ED690F-10C6-484C-8D88-05727BF05B0C}.Debug|Any CPU.ActiveCfg = Debug|Any CPU
		{E5ED690F-10C6-484C-8D88-05727BF05B0C}.Debug|Any CPU.Build.0 = Debug|Any CPU
		{E5ED690F-10C6-484C-8D88-05727BF05B0C}.Release|Any CPU.ActiveCfg = Release|Any CPU
		{E5ED690F-10C6-484C-8D88-05727BF05B0C}.Release|Any CPU.Build.0 = Release|Any CPU
	EndGlobalSection
	GlobalSection(SolutionProperties) = preSolution
		HideSolutionNode = FALSE
	EndGlobalSection
EndGlobal
